{
  "requires": true,
  "lockfileVersion": 1,
  "dependencies": {
    "vegas": {
      "version": "2.5.4",
      "resolved": "https://registry.npmjs.org/vegas/-/vegas-2.5.4.tgz",
      "integrity": "sha512-YwOeugnpDmlPoGUfr5h4CPpFJM5v1Uwbjah1+srewP58JEzHUkBjydEbwAGa9lIaeRnkLhC7Gc7+1vaBgxpURw=="
    }
  }
}
